
Microsoft Visual Studio Solution File, Format Version 12.00
# Visual Studio Version 16
VisualStudioVersion = 16.0.30804.86
MinimumVisualStudioVersion = 10.0.40219.1
Project("{FAE04EC0-301F-11D3-BF4B-00C04F79EFBC}") = "Instagram", "Instagram\Instagram.csproj", "{06308A25-E9EA-4B54-93E8-7F2B96ADEDFF}"
EndProject
Global
	GlobalSection(SolutionConfigurationPlatforms) = preSolution
		Debug|Any CPU = Debug|Any CPU
		Release|Any CPU = Release|Any CPU
	EndGlobalSection
	GlobalSection(ProjectConfigurationPlatforms) = postSolution
		{06308A25-E9EA-4B54-93E8-7F2B96ADEDFF}.Debug|Any CPU.ActiveCfg = Debug|Any CPU
		{06308A25-E9EA-4B54-93E8-7F2B96ADEDFF}.Debug|Any CPU.Build.0 = Debug|Any CPU
		{06308A25-E9EA-4B54-93E8-7F2B96ADEDFF}.Release|Any CPU.ActiveCfg = Release|Any CPU
		{06308A25-E9EA-4B54-93E8-7F2B96ADEDFF}.Release|Any CPU.Build.0 = Release|Any CPU
	EndGlobalSection
	GlobalSection(SolutionProperties) = preSolution
		HideSolutionNode = FALSE
	EndGlobalSection
	GlobalSection(ExtensibilityGlobals) = postSolution
		SolutionGuid = {251450E7-7201-431D-AE9A-3CAE54329D6D}
	EndGlobalSection
EndGlobal
